
Microsoft Visual Studio Solution File, Format Version 12.00
# Visual Studio Version 17
VisualStudioVersion = 17.0.31919.166
MinimumVisualStudioVersion = 10.0.40219.1
Project("{9A19103F-16F7-4668-BE54-9A1E7A4F7556}") = "SampleRESTAPI", "SampleRESTAPI\SampleRESTAPI.csproj", "{40E54915-E985-499B-846A-83F979389777}"
EndProject
Project("{FAE04EC0-301F-11D3-BF4B-00C04F79EFBC}") = "PaymentService", "PaymentService\PaymentService.csproj", "{7EE5EDC5-952D-4E2B-BC9E-178A3CBCD8D6}"
EndProject
Global
	GlobalSection(SolutionConfigurationPlatforms) = preSolution
		Debug|Any CPU = Debug|Any CPU
		Release|Any CPU = Release|Any CPU
	EndGlobalSection
	GlobalSection(ProjectConfigurationPlatforms) = postSolution
		{40E54915-E985-499B-846A-83F979389777}.Debug|Any CPU.ActiveCfg = Debug|Any CPU
		{40E54915-E985-499B-846A-83F979389777}.Debug|Any CPU.Build.0 = Debug|Any CPU
		{40E54915-E985-499B-846A-83F979389777}.Release|Any CPU.ActiveCfg = Release|Any CPU
		{40E54915-E985-499B-846A-83F979389777}.Release|Any CPU.Build.0 = Release|Any CPU
		{7EE5EDC5-952D-4E2B-BC9E-178A3CBCD8D6}.Debug|Any CPU.ActiveCfg = Debug|Any CPU
		{7EE5EDC5-952D-4E2B-BC9E-178A3CBCD8D6}.Debug|Any CPU.Build.0 = Debug|Any CPU
		{7EE5EDC5-952D-4E2B-BC9E-178A3CBCD8D6}.Release|Any CPU.ActiveCfg = Release|Any CPU
		{7EE5EDC5-952D-4E2B-BC9E-178A3CBCD8D6}.Release|Any CPU.Build.0 = Release|Any CPU
	EndGlobalSection
	GlobalSection(SolutionProperties) = preSolution
		HideSolutionNode = FALSE
	EndGlobalSection
	GlobalSection(ExtensibilityGlobals) = postSolution
		SolutionGuid = {922FAF81-873B-4C74-A541-1FE637BD1CED}
	EndGlobalSection
EndGlobal
